
Microsoft Visual Studio Solution File, Format Version 12.00
# Visual Studio 15
VisualStudioVersion = 15.0.27130.2027
MinimumVisualStudioVersion = 10.0.40219.1
Project("{9A19103F-16F7-4668-BE54-9A1E7A4F7556}") = "AspNetCore.Api", "AspNetCore.Api\AspNetCore.Api.csproj", "{9B28D1F6-6C04-47DD-A8CF-4623FE8CF47C}"
EndProject
Global
	GlobalSection(SolutionConfigurationPlatforms) = preSolution
		Debug|Any CPU = Debug|Any CPU
		Release|Any CPU = Release|Any CPU
	EndGlobalSection
	GlobalSection(ProjectConfigurationPlatforms) = postSolution
		{9B28D1F6-6C04-47DD-A8CF-4623FE8CF47C}.Debug|Any CPU.ActiveCfg = Debug|Any CPU
		{9B28D1F6-6C04-47DD-A8CF-4623FE8CF47C}.Debug|Any CPU.Build.0 = Debug|Any CPU
		{9B28D1F6-6C04-47DD-A8CF-4623FE8CF47C}.Release|Any CPU.ActiveCfg = Release|Any CPU
		{9B28D1F6-6C04-47DD-A8CF-4623FE8CF47C}.Release|Any CPU.Build.0 = Release|Any CPU
	EndGlobalSection
	GlobalSection(SolutionProperties) = preSolution
		HideSolutionNode = FALSE
	EndGlobalSection
	GlobalSection(ExtensibilityGlobals) = postSolution
		SolutionGuid = {3252CB1D-F24D-470A-B4B6-37248ADEB90E}
	EndGlobalSection
EndGlobal
